
Microsoft Visual Studio Solution File, Format Version 12.00
# Visual Studio Version 16
VisualStudioVersion = 16.0.29609.76
MinimumVisualStudioVersion = 10.0.40219.1
Project("{FAE04EC0-301F-11D3-BF4B-00C04F79EFBC}") = "ChessBackend", "ChessBackend.csproj", "{A8F15770-F905-4AEB-B15B-737FED5E1172}"
EndProject
Global
	GlobalSection(SolutionConfigurationPlatforms) = preSolution
		Debug|Any CPU = Debug|Any CPU
		Release|Any CPU = Release|Any CPU
	EndGlobalSection
	GlobalSection(ProjectConfigurationPlatforms) = postSolution
		{A8F15770-F905-4AEB-B15B-737FED5E1172}.Debug|Any CPU.ActiveCfg = Debug|Any CPU
		{A8F15770-F905-4AEB-B15B-737FED5E1172}.Debug|Any CPU.Build.0 = Debug|Any CPU
		{A8F15770-F905-4AEB-B15B-737FED5E1172}.Release|Any CPU.ActiveCfg = Release|Any CPU
		{A8F15770-F905-4AEB-B15B-737FED5E1172}.Release|Any CPU.Build.0 = Release|Any CPU
	EndGlobalSection
	GlobalSection(SolutionProperties) = preSolution
		HideSolutionNode = FALSE
	EndGlobalSection
	GlobalSection(ExtensibilityGlobals) = postSolution
		SolutionGuid = {301327A1-142E-4DBD-9A26-B42BE3A5C28D}
	EndGlobalSection
EndGlobal
